
Microsoft Visual Studio Solution File, Format Version 11.00
# Visual Studio 2010
Project("{FAE04EC0-301F-11D3-BF4B-00C04F79EFBC}") = "UmbracoBoilerplate.public", "public\UmbracoBoilerplate.public.csproj", "{4C65530A-575D-4C04-956F-01575060A620}"
EndProject
Global
	GlobalSection(SolutionConfigurationPlatforms) = preSolution
		Debug|Any CPU = Debug|Any CPU
		Release|Any CPU = Release|Any CPU
	EndGlobalSection
	GlobalSection(ProjectConfigurationPlatforms) = postSolution
		{4C65530A-575D-4C04-956F-01575060A620}.Debug|Any CPU.ActiveCfg = Debug|Any CPU
		{4C65530A-575D-4C04-956F-01575060A620}.Debug|Any CPU.Build.0 = Debug|Any CPU
		{4C65530A-575D-4C04-956F-01575060A620}.Release|Any CPU.ActiveCfg = Release|Any CPU
		{4C65530A-575D-4C04-956F-01575060A620}.Release|Any CPU.Build.0 = Release|Any CPU
	EndGlobalSection
	GlobalSection(SolutionProperties) = preSolution
		HideSolutionNode = FALSE
	EndGlobalSection
EndGlobal
